
Microsoft Visual Studio Solution File, Format Version 12.00
# Visual Studio Version 17
VisualStudioVersion = 17.4.33213.308
MinimumVisualStudioVersion = 10.0.40219.1
Project("{9A19103F-16F7-4668-BE54-9A1E7A4F7556}") = "OnboardingMars", "SpecFlowProject1\OnboardingMars.csproj", "{7918D25C-A922-4ED3-9E70-F29E634A5ACF}"
EndProject
Global
	GlobalSection(SolutionConfigurationPlatforms) = preSolution
		Debug|Any CPU = Debug|Any CPU
		Release|Any CPU = Release|Any CPU
	EndGlobalSection
	GlobalSection(ProjectConfigurationPlatforms) = postSolution
		{7918D25C-A922-4ED3-9E70-F29E634A5ACF}.Debug|Any CPU.ActiveCfg = Debug|Any CPU
		{7918D25C-A922-4ED3-9E70-F29E634A5ACF}.Debug|Any CPU.Build.0 = Debug|Any CPU
		{7918D25C-A922-4ED3-9E70-F29E634A5ACF}.Release|Any CPU.ActiveCfg = Release|Any CPU
		{7918D25C-A922-4ED3-9E70-F29E634A5ACF}.Release|Any CPU.Build.0 = Release|Any CPU
	EndGlobalSection
	GlobalSection(SolutionProperties) = preSolution
		HideSolutionNode = FALSE
	EndGlobalSection
	GlobalSection(ExtensibilityGlobals) = postSolution
		SolutionGuid = {98041503-EFA9-43D0-A682-0A8E8EDF9AE3}
	EndGlobalSection
EndGlobal
